github.com/Wariie/go-woxy/com v0.0.0-20201110180907-67d31396b35a h1:WmkFw4TLmmxs5wR/ODm6de924lpy7obzvMDl8a42q44=
github.com/Wariie/go-woxy/com v0.0.0-20201110180907-67d31396b35a/go.mod h1:tXQGU25a8i8FUu/l/OH2EDsof/CaCsppYxSKhVA/5VM=
github.com/Wariie/go-woxy/tools v0.0.0-20200831140926-4e2b8c3ff239 h1:ZzVhubwn6uCyVlfOSP/aOZ0kzEmdaI85ysxUtqWc5NU=
github.com/Wariie/go-woxy/tools v0.0.0-20200831140926-4e2b8c3ff239/go.mod h1:7rH9sj5tIXT1+DbhuurPY0sgPMuk+VEDGtc+JONAU9Y=
github.com/Wariie/go-woxy/tools v0.0.0-20201110180907-67d31396b35a h1:3EMRCK+IUXj9tW8T7PopdR6zWS/8/8S53zAvvQLDEBw=
github.com/Wariie/go-woxy/tools v0.0.0-20201110180907-67d31396b35a/go.mod h1:7rH9sj5tIXT1+DbhuurPY0sgPMuk+VEDGtc+JONAU9Y=
github.com/felixge/httpsnoop v1.0.1 h1:lvB5Jl89CsZtGIWuTcDM1E/vkVs49/Ml7JJe07l8SPQ=
github.com/felixge/httpsnoop v1.0.1/go.mod h1:m8KPJKqk1gH5J9DgRY2ASl2lWCfGKXixSwevea8zH2U=
github.com/gorilla/handlers v1.5.1 h1:9lRY6j8DEeeBT10CvO9hGW0gmky0BprnvDI5vfhUHH4=
github.com/gorilla/handlers v1.5.1/go.mod h1:t8XrUpc4KVXb7HGyJ4/cEnwQiaxrX/hz1Zv/4g96P1Q=
github.com/gorilla/mux v1.8.0 h1:i40aqfkR1h2SlN9hojwV5ZA91wcXFOvkdNIeFDP5koI=
github.com/gorilla/mux v1.8.0/go.mod h1:DVbg23sWSpFRCP0SfiEN6jmj59UnW/n46BH5rLB71So=
