github.com/Wariie/go-woxy/tools v0.0.0-20200824225635-97433effb6c4 h1:68JbH71lfuLBmK/47deQO5IggQ8ks2cfsOjwVf01Rr8=
github.com/Wariie/go-woxy/tools v0.0.0-20200824225635-97433effb6c4/go.mod h1:7rH9sj5tIXT1+DbhuurPY0sgPMuk+VEDGtc+JONAU9Y=
github.com/Wariie/go-woxy/tools v0.0.0-20200831140926-4e2b8c3ff239 h1:ZzVhubwn6uCyVlfOSP/aOZ0kzEmdaI85ysxUtqWc5NU=
github.com/Wariie/go-woxy/tools v0.0.0-20200831140926-4e2b8c3ff239/go.mod h1:7rH9sj5tIXT1+DbhuurPY0sgPMuk+VEDGtc+JONAU9Y=
