github.com/Wariie/go-woxy v0.0.0-20200721105108-6ed13a942a59 h1:IWbfYLQz0LNJbuguPnzpD4zJM0RV/cRuO+xodwkj8Lc=
github.com/Wariie/go-woxy/tools v0.0.0-20200721105108-6ed13a942a59 h1:Eh61zqpxYonu94gOAXbqaERhNKaRYclOsUiEQpcATGU=
github.com/Wariie/go-woxy/tools v0.0.0-20200721105108-6ed13a942a59/go.mod h1:7rH9sj5tIXT1+DbhuurPY0sgPMuk+VEDGtc+JONAU9Y=
