guilhem-mateo.fr/git/Wariie/go-woxy.git v0.0.0-20200710130122-c51b3dfae374 h1:rp3jNjLIzTStwJf8LkUid/Fw0u8wDABgxt3yjQHXdMY=
guilhem-mateo.fr/git/Wariie/go-woxy.git/app/rand v0.0.0-20200710130122-c51b3dfae374 h1:HyamjAXr5ypvs1F71bpVqCFqW+WSx2uTryEcr3C8kc8=
guilhem-mateo.fr/git/Wariie/go-woxy.git/app/rand v0.0.0-20200710130122-c51b3dfae374/go.mod h1:o3OcqmuLOuljPEL1Ks+t0j8gg/NKMK4VzXNA0BTQU+Q=
