guilhem-mateo.fr/git/Wariie/go-woxy.git v0.0.0-20200709165035-12c169edb411 h1:rp3jNjLIzTStwJf8LkUid/Fw0u8wDABgxt3yjQHXdMY=
guilhem-mateo.fr/git/Wariie/go-woxy.git/app/rand v0.0.0-20200710123911-cff592cce4a0 h1:kCEfUZ6Nf+Vx9nzZG4nJvggZmunaGyUT0EyCCoknvHE=
guilhem-mateo.fr/git/Wariie/go-woxy.git/app/rand v0.0.0-20200710123911-cff592cce4a0/go.mod h1:o3OcqmuLOuljPEL1Ks+t0j8gg/NKMK4VzXNA0BTQU+Q=
